// !$*UTF8*$!
{
	archiveVersion = 1;
	classes = {
	};
	objectVersion = 46;
	objects = {

/* Begin PBXBuildFile section */
		0415CCD81EC040D200468036 /* libmxml.a in Frameworks */ = {isa = PBXBuildFile; fileRef = 0415CCD71EC040D200468036 /* libmxml.a */; };
		0448A9991EBFEA9800FA8A2A /* AdiumLibpurple.framework in Frameworks */ = {isa = PBXBuildFile; fileRef = 0448A9981EBFEA9800FA8A2A /* AdiumLibpurple.framework */; };
		0448A9A31EC0090700FA8A2A /* Adium.framework in Frameworks */ = {isa = PBXBuildFile; fileRef = 0448A9A21EC0090700FA8A2A /* Adium.framework */; };
		0448A9A71EC0219600FA8A2A /* carbons.a in Frameworks */ = {isa = PBXBuildFile; fileRef = 0448A9A61EC0219600FA8A2A /* carbons.a */; };
		0448A9A91EC0219C00FA8A2A /* lurch.a in Frameworks */ = {isa = PBXBuildFile; fileRef = 0448A9A81EC0219C00FA8A2A /* lurch.a */; };
		0448A9AB1EC022D000FA8A2A /* libpurple.framework in Frameworks */ = {isa = PBXBuildFile; fileRef = 0448A9AA1EC022D000FA8A2A /* libpurple.framework */; };
		0448A9C31EC037EE00FA8A2A /* libgcrypt.framework in Frameworks */ = {isa = PBXBuildFile; fileRef = 0448A9C21EC037EE00FA8A2A /* libgcrypt.framework */; };
		0448A9C51EC037F900FA8A2A /* libglib.framework in Frameworks */ = {isa = PBXBuildFile; fileRef = 0448A9C41EC037F900FA8A2A /* libglib.framework */; };
		0448A9C91EC0383F00FA8A2A /* libsignal-protocol-c.a in Frameworks */ = {isa = PBXBuildFile; fileRef = 0448A9C81EC0383F00FA8A2A /* libsignal-protocol-c.a */; };
		0448A9CB1EC0384F00FA8A2A /* libaxc-nt.a in Frameworks */ = {isa = PBXBuildFile; fileRef = 0448A9CA1EC0384F00FA8A2A /* libaxc-nt.a */; };
		0448A9CD1EC0385800FA8A2A /* libomemo-conversations.a in Frameworks */ = {isa = PBXBuildFile; fileRef = 0448A9CC1EC0385800FA8A2A /* libomemo-conversations.a */; };
		0448A9CF1EC0387F00FA8A2A /* libsqlite3.tbd in Frameworks */ = {isa = PBXBuildFile; fileRef = 0448A9CE1EC0387F00FA8A2A /* libsqlite3.tbd */; };
		0448A9D11EC0388500FA8A2A /* libxml2.tbd in Frameworks */ = {isa = PBXBuildFile; fileRef = 0448A9D01EC0388500FA8A2A /* libxml2.tbd */; };
		04DB663C1EBC1F3600FAF0F3 /* AIUtilities.framework in Frameworks */ = {isa = PBXBuildFile; fileRef = 04DB663B1EBC1F3600FAF0F3 /* AIUtilities.framework */; };
		CE13D2AA1EE966AF00EF2451 /* Lurch4Adium.m in Sources */ = {isa = PBXBuildFile; fileRef = CE13D2A91EE966AF00EF2451 /* Lurch4Adium.m */; };
/* End PBXBuildFile section */

/* Begin PBXFileReference section */
		0415CCD71EC040D200468036 /* libmxml.a */ = {isa = PBXFileReference; lastKnownFileType = archive.ar; name = libmxml.a; path = vendor/mxml/libmxml.a; sourceTree = "<group>"; };
		0448A9981EBFEA9800FA8A2A /* AdiumLibpurple.framework */ = {isa = PBXFileReference; lastKnownFileType = wrapper.framework; name = AdiumLibpurple.framework; path = "Frameworks/adium/build/Release-Debug/AdiumLibpurple.framework"; sourceTree = "<group>"; };
		0448A9A21EC0090700FA8A2A /* Adium.framework */ = {isa = PBXFileReference; lastKnownFileType = wrapper.framework; name = Adium.framework; path = "Frameworks/adium/build/Release-Debug/Adium.framework"; sourceTree = "<group>"; };
		0448A9A61EC0219600FA8A2A /* carbons.a */ = {isa = PBXFileReference; lastKnownFileType = archive.ar; name = carbons.a; path = vendor/carbons/build/carbons.a; sourceTree = "<group>"; };
		0448A9A81EC0219C00FA8A2A /* lurch.a */ = {isa = PBXFileReference; lastKnownFileType = archive.ar; name = lurch.a; path = vendor/lurch/build/lurch.a; sourceTree = "<group>"; };
		0448A9AA1EC022D000FA8A2A /* libpurple.framework */ = {isa = PBXFileReference; lastKnownFileType = wrapper.framework; name = libpurple.framework; path = Frameworks/adium/Frameworks/libpurple.framework; sourceTree = "<group>"; };
		0448A9C21EC037EE00FA8A2A /* libgcrypt.framework */ = {isa = PBXFileReference; lastKnownFileType = wrapper.framework; name = libgcrypt.framework; path = Frameworks/adium/Frameworks/libgcrypt.framework; sourceTree = "<group>"; };
		0448A9C41EC037F900FA8A2A /* libglib.framework */ = {isa = PBXFileReference; lastKnownFileType = wrapper.framework; name = libglib.framework; path = Frameworks/adium/Frameworks/libglib.framework; sourceTree = "<group>"; };
		0448A9C81EC0383F00FA8A2A /* libsignal-protocol-c.a */ = {isa = PBXFileReference; lastKnownFileType = archive.ar; name = "libsignal-protocol-c.a"; path = "vendor/lurch/lib/axc/lib/libsignal-protocol-c/build/src/libsignal-protocol-c.a"; sourceTree = "<group>"; };
		0448A9CA1EC0384F00FA8A2A /* libaxc-nt.a */ = {isa = PBXFileReference; lastKnownFileType = archive.ar; name = "libaxc-nt.a"; path = "vendor/lurch/lib/axc/build/libaxc-nt.a"; sourceTree = "<group>"; };
		0448A9CC1EC0385800FA8A2A /* libomemo-conversations.a */ = {isa = PBXFileReference; lastKnownFileType = archive.ar; name = "libomemo-conversations.a"; path = "vendor/lurch/lib/libomemo/build/libomemo-conversations.a"; sourceTree = "<group>"; };
		0448A9CE1EC0387F00FA8A2A /* libsqlite3.tbd */ = {isa = PBXFileReference; lastKnownFileType = "sourcecode.text-based-dylib-definition"; name = libsqlite3.tbd; path = usr/lib/libsqlite3.tbd; sourceTree = SDKROOT; };
		0448A9D01EC0388500FA8A2A /* libxml2.tbd */ = {isa = PBXFileReference; lastKnownFileType = "sourcecode.text-based-dylib-definition"; name = libxml2.tbd; path = usr/lib/libxml2.tbd; sourceTree = SDKROOT; };
		04DB66311EBBFF4900FAF0F3 /* Lurch4Adium.AdiumLibpurplePlugin */ = {isa = PBXFileReference; explicitFileType = wrapper.cfbundle; includeInIndex = 0; path = Lurch4Adium.AdiumLibpurplePlugin; sourceTree = BUILT_PRODUCTS_DIR; };
		04DB66341EBBFF4900FAF0F3 /* Info.plist */ = {isa = PBXFileReference; lastKnownFileType = text.plist.xml; path = Info.plist; sourceTree = "<group>"; };
		04DB663B1EBC1F3600FAF0F3 /* AIUtilities.framework */ = {isa = PBXFileReference; lastKnownFileType = wrapper.framework; name = AIUtilities.framework; path = "Frameworks/adium/build/Release-Debug/AIUtilities.framework"; sourceTree = "<group>"; };
		CE13D2A81EE966AF00EF2451 /* Lurch4Adium.h */ = {isa = PBXFileReference; fileEncoding = 4; lastKnownFileType = sourcecode.c.h; path = Lurch4Adium.h; sourceTree = "<group>"; };
		CE13D2A91EE966AF00EF2451 /* Lurch4Adium.m */ = {isa = PBXFileReference; fileEncoding = 4; lastKnownFileType = sourcecode.c.objc; path = Lurch4Adium.m; sourceTree = "<group>"; };
/* End PBXFileReference section */

/* Begin PBXFrameworksBuildPhase section */
		04DB662E1EBBFF4900FAF0F3 /* Frameworks */ = {
			isa = PBXFrameworksBuildPhase;
			buildActionMask = 2147483647;
			files = (
				0448A9D11EC0388500FA8A2A /* libxml2.tbd in Frameworks */,
				0448A9CF1EC0387F00FA8A2A /* libsqlite3.tbd in Frameworks */,
				04DB663C1EBC1F3600FAF0F3 /* AIUtilities.framework in Frameworks */,
				0448A9A31EC0090700FA8A2A /* Adium.framework in Frameworks */,
				0448A9991EBFEA9800FA8A2A /* AdiumLibpurple.framework in Frameworks */,
				0448A9AB1EC022D000FA8A2A /* libpurple.framework in Frameworks */,
				0448A9C51EC037F900FA8A2A /* libglib.framework in Frameworks */,
				0448A9C31EC037EE00FA8A2A /* libgcrypt.framework in Frameworks */,
				0448A9A71EC0219600FA8A2A /* carbons.a in Frameworks */,
				0415CCD81EC040D200468036 /* libmxml.a in Frameworks */,
				0448A9C91EC0383F00FA8A2A /* libsignal-protocol-c.a in Frameworks */,
				0448A9CB1EC0384F00FA8A2A /* libaxc-nt.a in Frameworks */,
				0448A9CD1EC0385800FA8A2A /* libomemo-conversations.a in Frameworks */,
				0448A9A91EC0219C00FA8A2A /* lurch.a in Frameworks */,
			);
			runOnlyForDeploymentPostprocessing = 0;
		};
/* End PBXFrameworksBuildPhase section */

/* Begin PBXGroup section */
		04DB66281EBBFF4800FAF0F3 = {
			isa = PBXGroup;
			children = (
				04DB66331EBBFF4900FAF0F3 /* Lurch4Adium */,
				04DB66321EBBFF4900FAF0F3 /* Products */,
				04DB663A1EBC1F2D00FAF0F3 /* Frameworks */,
			);
			sourceTree = "<group>";
		};
		04DB66321EBBFF4900FAF0F3 /* Products */ = {
			isa = PBXGroup;
			children = (
				04DB66311EBBFF4900FAF0F3 /* Lurch4Adium.AdiumLibpurplePlugin */,
			);
			name = Products;
			sourceTree = "<group>";
		};
		04DB66331EBBFF4900FAF0F3 /* Lurch4Adium */ = {
			isa = PBXGroup;
			children = (
				CE13D2A81EE966AF00EF2451 /* Lurch4Adium.h */,
				CE13D2A91EE966AF00EF2451 /* Lurch4Adium.m */,
				04DB66341EBBFF4900FAF0F3 /* Info.plist */,
			);
			path = Lurch4Adium;
			sourceTree = "<group>";
		};
		04DB663A1EBC1F2D00FAF0F3 /* Frameworks */ = {
			isa = PBXGroup;
			children = (
				0448A9D01EC0388500FA8A2A /* libxml2.tbd */,
				0448A9CE1EC0387F00FA8A2A /* libsqlite3.tbd */,
				04DB663B1EBC1F3600FAF0F3 /* AIUtilities.framework */,
				0448A9A21EC0090700FA8A2A /* Adium.framework */,
				0448A9981EBFEA9800FA8A2A /* AdiumLibpurple.framework */,
				0448A9AA1EC022D000FA8A2A /* libpurple.framework */,
				0448A9C41EC037F900FA8A2A /* libglib.framework */,
				0448A9C21EC037EE00FA8A2A /* libgcrypt.framework */,
				0448A9A61EC0219600FA8A2A /* carbons.a */,
				0415CCD71EC040D200468036 /* libmxml.a */,
				0448A9C81EC0383F00FA8A2A /* libsignal-protocol-c.a */,
				0448A9CA1EC0384F00FA8A2A /* libaxc-nt.a */,
				0448A9CC1EC0385800FA8A2A /* libomemo-conversations.a */,
				0448A9A81EC0219C00FA8A2A /* lurch.a */,
			);
			name = Frameworks;
			sourceTree = "<group>";
		};
/* End PBXGroup section */

/* Begin PBXNativeTarget section */
		04DB66301EBBFF4900FAF0F3 /* Lurch4Adium */ = {
			isa = PBXNativeTarget;
			buildConfigurationList = 04DB66371EBBFF4900FAF0F3 /* Build configuration list for PBXNativeTarget "Lurch4Adium" */;
			buildPhases = (
				04DB662D1EBBFF4900FAF0F3 /* Sources */,
				04DB662E1EBBFF4900FAF0F3 /* Frameworks */,
				04DB662F1EBBFF4900FAF0F3 /* Resources */,
				04D4C2081EC55CAE0062A9CB /* ShellScript */,
			);
			buildRules = (
			);
			dependencies = (
			);
			name = Lurch4Adium;
			productName = Lurch4Adium;
			productReference = 04DB66311EBBFF4900FAF0F3 /* Lurch4Adium.AdiumLibpurplePlugin */;
			productType = "com.apple.product-type.bundle";
		};
/* End PBXNativeTarget section */

/* Begin PBXProject section */
		04DB66291EBBFF4900FAF0F3 /* Project object */ = {
			isa = PBXProject;
			attributes = {
				LastUpgradeCheck = 1210;
				ORGANIZATIONNAME = "Olivier Mehani";
				TargetAttributes = {
					04DB66301EBBFF4900FAF0F3 = {
						CreatedOnToolsVersion = 8.3.2;
						ProvisioningStyle = Automatic;
					};
				};
			};
			buildConfigurationList = 04DB662C1EBBFF4900FAF0F3 /* Build configuration list for PBXProject "Lurch4Adium" */;
			compatibilityVersion = "Xcode 3.2";
			developmentRegion = en;
			hasScannedForEncodings = 0;
			knownRegions = (
				en,
				Base,
			);
			mainGroup = 04DB66281EBBFF4800FAF0F3;
			productRefGroup = 04DB66321EBBFF4900FAF0F3 /* Products */;
			projectDirPath = "";
			projectRoot = "";
			targets = (
				04DB66301EBBFF4900FAF0F3 /* Lurch4Adium */,
			);
		};
/* End PBXProject section */

/* Begin PBXResourcesBuildPhase section */
		04DB662F1EBBFF4900FAF0F3 /* Resources */ = {
			isa = PBXResourcesBuildPhase;
			buildActionMask = 2147483647;
			files = (
			);
			runOnlyForDeploymentPostprocessing = 0;
		};
/* End PBXResourcesBuildPhase section */

/* Begin PBXShellScriptBuildPhase section */
		04D4C2081EC55CAE0062A9CB /* ShellScript */ = {
			isa = PBXShellScriptBuildPhase;
			buildActionMask = 12;
			files = (
			);
			inputPaths = (
			);
			outputPaths = (
			);
			runOnlyForDeploymentPostprocessing = 0;
			shellPath = /bin/sh;
			shellScript = "DEPENDENCIES=\"libpurple libglib libgcrypt\";\nLIBPATHS=\"$(cd ${PROJECT_DIR}/Frameworks/adium; for DEP in ${DEPENDENCIES}; do ls Frameworks/${DEP}.framework/Versions/*/${DEP}; done); \"\n\nfor LIBPATH in ${LIBPATHS}; do\n    LIB=$(basename ${LIBPATH})\n install_name_tool -change \"@executable_path/../$LIBPATH\" \"@executable_path/../Frameworks/${LIB}.framework/${LIB}\" \"${TARGET_BUILD_DIR}/${PRODUCT_NAME}.${WRAPPER_EXTENSION}/Contents/MacOS/${PRODUCT_NAME}\"\ndone";
		};
/* End PBXShellScriptBuildPhase section */

/* Begin PBXSourcesBuildPhase section */
		04DB662D1EBBFF4900FAF0F3 /* Sources */ = {
			isa = PBXSourcesBuildPhase;
			buildActionMask = 2147483647;
			files = (
				CE13D2AA1EE966AF00EF2451 /* Lurch4Adium.m in Sources */,
			);
			runOnlyForDeploymentPostprocessing = 0;
		};
/* End PBXSourcesBuildPhase section */

/* Begin XCBuildConfiguration section */
		04DB66351EBBFF4900FAF0F3 /* Debug */ = {
			isa = XCBuildConfiguration;
			buildSettings = {
				ALWAYS_SEARCH_USER_PATHS = NO;
				CLANG_ANALYZER_LOCALIZABILITY_NONLOCALIZED = YES;
				CLANG_ANALYZER_NONNULL = YES;
				CLANG_ANALYZER_NUMBER_OBJECT_CONVERSION = YES_AGGRESSIVE;
				CLANG_CXX_LANGUAGE_STANDARD = "gnu++0x";
				CLANG_CXX_LIBRARY = "libc++";
				CLANG_ENABLE_MODULES = YES;
				CLANG_ENABLE_OBJC_ARC = YES;
				CLANG_WARN_BLOCK_CAPTURE_AUTORELEASING = YES;
				CLANG_WARN_BOOL_CONVERSION = YES;
				CLANG_WARN_COMMA = YES;
				CLANG_WARN_CONSTANT_CONVERSION = YES;
				CLANG_WARN_DEPRECATED_OBJC_IMPLEMENTATIONS = YES;
				CLANG_WARN_DIRECT_OBJC_ISA_USAGE = YES_ERROR;
				CLANG_WARN_DOCUMENTATION_COMMENTS = YES;
				CLANG_WARN_EMPTY_BODY = YES;
				CLANG_WARN_ENUM_CONVERSION = YES;
				CLANG_WARN_INFINITE_RECURSION = YES;
				CLANG_WARN_INT_CONVERSION = YES;
				CLANG_WARN_NON_LITERAL_NULL_CONVERSION = YES;
				CLANG_WARN_OBJC_IMPLICIT_RETAIN_SELF = YES;
				CLANG_WARN_OBJC_LITERAL_CONVERSION = YES;
				CLANG_WARN_OBJC_ROOT_CLASS = YES_ERROR;
				CLANG_WARN_QUOTED_INCLUDE_IN_FRAMEWORK_HEADER = YES;
				CLANG_WARN_RANGE_LOOP_ANALYSIS = YES;
				CLANG_WARN_STRICT_PROTOTYPES = YES;
				CLANG_WARN_SUSPICIOUS_MOVE = YES;
				CLANG_WARN_UNREACHABLE_CODE = YES;
				CLANG_WARN__DUPLICATE_METHOD_MATCH = YES;
				CODE_SIGN_IDENTITY = "-";
				COPY_PHASE_STRIP = NO;
				DEBUG_INFORMATION_FORMAT = dwarf;
				ENABLE_STRICT_OBJC_MSGSEND = YES;
				ENABLE_TESTABILITY = YES;
				GCC_C_LANGUAGE_STANDARD = gnu99;
				GCC_DYNAMIC_NO_PIC = NO;
				GCC_NO_COMMON_BLOCKS = YES;
				GCC_OPTIMIZATION_LEVEL = 0;
				GCC_PREPROCESSOR_DEFINITIONS = (
					"DEBUG=1",
					"$(inherited)",
				);
				GCC_WARN_64_TO_32_BIT_CONVERSION = YES;
				GCC_WARN_ABOUT_RETURN_TYPE = YES_ERROR;
				GCC_WARN_UNDECLARED_SELECTOR = YES;
				GCC_WARN_UNINITIALIZED_AUTOS = YES_AGGRESSIVE;
				GCC_WARN_UNUSED_FUNCTION = YES;
				GCC_WARN_UNUSED_VARIABLE = YES;
				MACOSX_DEPLOYMENT_TARGET = 10.13;
				MTL_ENABLE_DEBUG_INFO = YES;
				ONLY_ACTIVE_ARCH = YES;
				SDKROOT = macosx;
			};
			name = Debug;
		};
		04DB66361EBBFF4900FAF0F3 /* Release */ = {
			isa = XCBuildConfiguration;
			buildSettings = {
				ALWAYS_SEARCH_USER_PATHS = NO;
				CLANG_ANALYZER_LOCALIZABILITY_NONLOCALIZED = YES;
				CLANG_ANALYZER_NONNULL = YES;
				CLANG_ANALYZER_NUMBER_OBJECT_CONVERSION = YES_AGGRESSIVE;
				CLANG_CXX_LANGUAGE_STANDARD = "gnu++0x";
				CLANG_CXX_LIBRARY = "libc++";
				CLANG_ENABLE_MODULES = YES;
				CLANG_ENABLE_OBJC_ARC = YES;
				CLANG_WARN_BLOCK_CAPTURE_AUTORELEASING = YES;
				CLANG_WARN_BOOL_CONVERSION = YES;
				CLANG_WARN_COMMA = YES;
				CLANG_WARN_CONSTANT_CONVERSION = YES;
				CLANG_WARN_DEPRECATED_OBJC_IMPLEMENTATIONS = YES;
				CLANG_WARN_DIRECT_OBJC_ISA_USAGE = YES_ERROR;
				CLANG_WARN_DOCUMENTATION_COMMENTS = YES;
				CLANG_WARN_EMPTY_BODY = YES;
				CLANG_WARN_ENUM_CONVERSION = YES;
				CLANG_WARN_INFINITE_RECURSION = YES;
				CLANG_WARN_INT_CONVERSION = YES;
				CLANG_WARN_NON_LITERAL_NULL_CONVERSION = YES;
				CLANG_WARN_OBJC_IMPLICIT_RETAIN_SELF = YES;
				CLANG_WARN_OBJC_LITERAL_CONVERSION = YES;
				CLANG_WARN_OBJC_ROOT_CLASS = YES_ERROR;
				CLANG_WARN_QUOTED_INCLUDE_IN_FRAMEWORK_HEADER = YES;
				CLANG_WARN_RANGE_LOOP_ANALYSIS = YES;
				CLANG_WARN_STRICT_PROTOTYPES = YES;
				CLANG_WARN_SUSPICIOUS_MOVE = YES;
				CLANG_WARN_UNREACHABLE_CODE = YES;
				CLANG_WARN__DUPLICATE_METHOD_MATCH = YES;
				CODE_SIGN_IDENTITY = "-";
				COPY_PHASE_STRIP = NO;
				DEBUG_INFORMATION_FORMAT = "dwarf-with-dsym";
				ENABLE_NS_ASSERTIONS = NO;
				ENABLE_STRICT_OBJC_MSGSEND = YES;
				GCC_C_LANGUAGE_STANDARD = gnu99;
				GCC_NO_COMMON_BLOCKS = YES;
				GCC_WARN_64_TO_32_BIT_CONVERSION = YES;
				GCC_WARN_ABOUT_RETURN_TYPE = YES_ERROR;
				GCC_WARN_UNDECLARED_SELECTOR = YES;
				GCC_WARN_UNINITIALIZED_AUTOS = YES_AGGRESSIVE;
				GCC_WARN_UNUSED_FUNCTION = YES;
				GCC_WARN_UNUSED_VARIABLE = YES;
				MACOSX_DEPLOYMENT_TARGET = 10.13;
				MTL_ENABLE_DEBUG_INFO = NO;
				SDKROOT = macosx;
			};
			name = Release;
		};
		04DB66381EBBFF4900FAF0F3 /* Debug */ = {
			isa = XCBuildConfiguration;
			buildSettings = {
				COMBINE_HIDPI_IMAGES = YES;
				FRAMEWORK_SEARCH_PATHS = (
					"$(inherited)",
					"$(PROJECT_DIR)/Frameworks/adium/build/Release-Debug",
					"$(PROJECT_DIR)/Frameworks/adium/Frameworks",
				);
				INFOPLIST_FILE = Lurch4Adium/Info.plist;
				INSTALL_PATH = "$(HOME)/Library/Application Support/Adium 2.0/PlugIns/";
				LIBRARY_SEARCH_PATHS = (
					"$(inherited)",
					"$(PROJECT_DIR)/vendor/lurch/build",
					"$(PROJECT_DIR)/vendor/carbons/build",
					"$(PROJECT_DIR)/vendor/mxml",
					"$(PROJECT_DIR)/vendor/lurch/lib/axc/lib/libsignal-protocol-c/build/src",
					"$(PROJECT_DIR)/vendor/lurch/lib/axc/build",
					"$(PROJECT_DIR)/vendor/lurch/lib/libomemo/build",
				);
				OTHER_CODE_SIGN_FLAGS = "--deep";
				PRODUCT_BUNDLE_IDENTIFIER = net.ssji.narf.Lurch4Adium;
				PRODUCT_NAME = "$(TARGET_NAME)";
				SKIP_INSTALL = YES;
				WRAPPER_EXTENSION = AdiumLibpurplePlugin;
			};
			name = Debug;
		};
		04DB66391EBBFF4900FAF0F3 /* Release */ = {
			isa = XCBuildConfiguration;
			buildSettings = {
				COMBINE_HIDPI_IMAGES = YES;
				FRAMEWORK_SEARCH_PATHS = (
					"$(inherited)",
					"$(PROJECT_DIR)/Frameworks/adium/build/Release-Debug",
					"$(PROJECT_DIR)/Frameworks/adium/Frameworks",
				);
				INFOPLIST_FILE = Lurch4Adium/Info.plist;
				INSTALL_PATH = "$(HOME)/Library/Application Support/Adium 2.0/PlugIns/";
				LIBRARY_SEARCH_PATHS = (
					"$(inherited)",
					"$(PROJECT_DIR)/vendor/lurch/build",
					"$(PROJECT_DIR)/vendor/carbons/build",
					"$(PROJECT_DIR)/vendor/mxml",
					"$(PROJECT_DIR)/vendor/lurch/lib/axc/lib/libsignal-protocol-c/build/src",
					"$(PROJECT_DIR)/vendor/lurch/lib/axc/build",
					"$(PROJECT_DIR)/vendor/lurch/lib/libomemo/build",
				);
				OTHER_CODE_SIGN_FLAGS = "--deep";
				PRODUCT_BUNDLE_IDENTIFIER = net.ssji.narf.Lurch4Adium;
				PRODUCT_NAME = "$(TARGET_NAME)";
				SKIP_INSTALL = YES;
				WRAPPER_EXTENSION = AdiumLibpurplePlugin;
			};
			name = Release;
		};
/* End XCBuildConfiguration section */

/* Begin XCConfigurationList section */
		04DB662C1EBBFF4900FAF0F3 /* Build configuration list for PBXProject "Lurch4Adium" */ = {
			isa = XCConfigurationList;
			buildConfigurations = (
				04DB66351EBBFF4900FAF0F3 /* Debug */,
				04DB66361EBBFF4900FAF0F3 /* Release */,
			);
			defaultConfigurationIsVisible = 0;
			defaultConfigurationName = Release;
		};
		04DB66371EBBFF4900FAF0F3 /* Build configuration list for PBXNativeTarget "Lurch4Adium" */ = {
			isa = XCConfigurationList;
			buildConfigurations = (
				04DB66381EBBFF4900FAF0F3 /* Debug */,
				04DB66391EBBFF4900FAF0F3 /* Release */,
			);
			defaultConfigurationIsVisible = 0;
			defaultConfigurationName = Release;
		};
/* End XCConfigurationList section */
	};
	rootObject = 04DB66291EBBFF4900FAF0F3 /* Project object */;
}
